
Microsoft Visual Studio Solution File, Format Version 12.00
# Visual Studio Version 16
VisualStudioVersion = 16.0.29609.76
MinimumVisualStudioVersion = 10.0.40219.1
Project("{FAE04EC0-301F-11D3-BF4B-00C04F79EFBC}") = "Game", "Game\Game.csproj", "{DD5E284E-64E8-4FED-AAEC-4D17A7F2614B}"
EndProject
Project("{FAE04EC0-301F-11D3-BF4B-00C04F79EFBC}") = "GameLib", "GameLib\GameLib.csproj", "{E5C06D37-1CDC-431B-ADA9-08BB11431BDF}"
EndProject
Global
	GlobalSection(SolutionConfigurationPlatforms) = preSolution
		Debug|Any CPU = Debug|Any CPU
		Release|Any CPU = Release|Any CPU
	EndGlobalSection
	GlobalSection(ProjectConfigurationPlatforms) = postSolution
		{DD5E284E-64E8-4FED-AAEC-4D17A7F2614B}.Debug|Any CPU.ActiveCfg = Debug|Any CPU
		{DD5E284E-64E8-4FED-AAEC-4D17A7F2614B}.Debug|Any CPU.Build.0 = Debug|Any CPU
		{DD5E284E-64E8-4FED-AAEC-4D17A7F2614B}.Release|Any CPU.ActiveCfg = Release|Any CPU
		{DD5E284E-64E8-4FED-AAEC-4D17A7F2614B}.Release|Any CPU.Build.0 = Release|Any CPU
		{E5C06D37-1CDC-431B-ADA9-08BB11431BDF}.Debug|Any CPU.ActiveCfg = Debug|Any CPU
		{E5C06D37-1CDC-431B-ADA9-08BB11431BDF}.Debug|Any CPU.Build.0 = Debug|Any CPU
		{E5C06D37-1CDC-431B-ADA9-08BB11431BDF}.Release|Any CPU.ActiveCfg = Release|Any CPU
		{E5C06D37-1CDC-431B-ADA9-08BB11431BDF}.Release|Any CPU.Build.0 = Release|Any CPU
	EndGlobalSection
	GlobalSection(SolutionProperties) = preSolution
		HideSolutionNode = FALSE
	EndGlobalSection
	GlobalSection(ExtensibilityGlobals) = postSolution
		SolutionGuid = {39609AC1-2043-452D-BBB9-0BF58C66B0DB}
	EndGlobalSection
EndGlobal
